
Microsoft Visual Studio Solution File, Format Version 12.00
# Visual Studio Version 16
VisualStudioVersion = 16.0.30114.105
MinimumVisualStudioVersion = 10.0.40219.1
Project("{FAE04EC0-301F-11D3-BF4B-00C04F79EFBC}") = "ExemploPOO", "ExemploPOO\ExemploPOO.csproj", "{EC4FE1C1-9500-4408-9DB5-33D5402B7B0E}"
EndProject
Global
	GlobalSection(SolutionConfigurationPlatforms) = preSolution
		Debug|Any CPU = Debug|Any CPU
		Release|Any CPU = Release|Any CPU
	EndGlobalSection
	GlobalSection(SolutionProperties) = preSolution
		HideSolutionNode = FALSE
	EndGlobalSection
	GlobalSection(ProjectConfigurationPlatforms) = postSolution
		{EC4FE1C1-9500-4408-9DB5-33D5402B7B0E}.Debug|Any CPU.ActiveCfg = Debug|Any CPU
		{EC4FE1C1-9500-4408-9DB5-33D5402B7B0E}.Debug|Any CPU.Build.0 = Debug|Any CPU
		{EC4FE1C1-9500-4408-9DB5-33D5402B7B0E}.Release|Any CPU.ActiveCfg = Release|Any CPU
		{EC4FE1C1-9500-4408-9DB5-33D5402B7B0E}.Release|Any CPU.Build.0 = Release|Any CPU
	EndGlobalSection
EndGlobal
